// !$*UTF8*$!
{
	archiveVersion = 1;
	classes = {
	};
	objectVersion = 50;
	objects = {

/* Begin PBXBuildFile section */
		07BD6536248161970098DA99 /* UISearchBarExtension.swift in Sources */ = {isa = PBXBuildFile; fileRef = 07BD6535248161970098DA99 /* UISearchBarExtension.swift */; };
		07BD65382485B0090098DA99 /* CollectionFooterView.swift in Sources */ = {isa = PBXBuildFile; fileRef = 07BD65372485B0090098DA99 /* CollectionFooterView.swift */; };
		07E9EB2D2475581400F9500D /* AppDelegate.swift in Sources */ = {isa = PBXBuildFile; fileRef = 07E9EB2C2475581400F9500D /* AppDelegate.swift */; };
		07E9EB2F2475581400F9500D /* SceneDelegate.swift in Sources */ = {isa = PBXBuildFile; fileRef = 07E9EB2E2475581400F9500D /* SceneDelegate.swift */; };
		07E9EB372475581400F9500D /* Bootcamp_Magic.xcdatamodeld in Sources */ = {isa = PBXBuildFile; fileRef = 07E9EB352475581400F9500D /* Bootcamp_Magic.xcdatamodeld */; };
		07E9EB392475581600F9500D /* Assets.xcassets in Resources */ = {isa = PBXBuildFile; fileRef = 07E9EB382475581600F9500D /* Assets.xcassets */; };
		07E9EB3C2475581600F9500D /* LaunchScreen.storyboard in Resources */ = {isa = PBXBuildFile; fileRef = 07E9EB3A2475581600F9500D /* LaunchScreen.storyboard */; };
		07E9EB472475581600F9500D /* Bootcamp_MagicTests.swift in Sources */ = {isa = PBXBuildFile; fileRef = 07E9EB462475581600F9500D /* Bootcamp_MagicTests.swift */; };
		07E9EB522475581600F9500D /* Bootcamp_MagicUITests.swift in Sources */ = {isa = PBXBuildFile; fileRef = 07E9EB512475581600F9500D /* Bootcamp_MagicUITests.swift */; };
		07E9EB61247563DA00F9500D /* TabBarController.swift in Sources */ = {isa = PBXBuildFile; fileRef = 07E9EB60247563DA00F9500D /* TabBarController.swift */; };
		07E9EB632475642000F9500D /* FavoritesViewController.swift in Sources */ = {isa = PBXBuildFile; fileRef = 07E9EB622475642000F9500D /* FavoritesViewController.swift */; };
		07E9EB652475643F00F9500D /* FeedViewController.swift in Sources */ = {isa = PBXBuildFile; fileRef = 07E9EB642475643F00F9500D /* FeedViewController.swift */; };
		07E9EB6824756BB800F9500D /* Coordinator.swift in Sources */ = {isa = PBXBuildFile; fileRef = 07E9EB6724756BB800F9500D /* Coordinator.swift */; };
		07E9EB6A24756C2800F9500D /* AppCoordinator.swift in Sources */ = {isa = PBXBuildFile; fileRef = 07E9EB6924756C2800F9500D /* AppCoordinator.swift */; };
		07E9EB6C2475710300F9500D /* FavoritesCoordinator.swift in Sources */ = {isa = PBXBuildFile; fileRef = 07E9EB6B2475710300F9500D /* FavoritesCoordinator.swift */; };
		07E9EB6E247571B800F9500D /* FeedCoordinator.swift in Sources */ = {isa = PBXBuildFile; fileRef = 07E9EB6D247571B800F9500D /* FeedCoordinator.swift */; };
		07E9EB712475963F00F9500D /* ViewCoding.swift in Sources */ = {isa = PBXBuildFile; fileRef = 07E9EB702475963F00F9500D /* ViewCoding.swift */; };
		07E9EB762475979900F9500D /* FeedView.swift in Sources */ = {isa = PBXBuildFile; fileRef = 07E9EB752475979900F9500D /* FeedView.swift */; };
		07E9EB782475988200F9500D /* ViewDelegate.swift in Sources */ = {isa = PBXBuildFile; fileRef = 07E9EB772475988200F9500D /* ViewDelegate.swift */; };
		07E9EB7A247598AA00F9500D /* UIViewExtension.swift in Sources */ = {isa = PBXBuildFile; fileRef = 07E9EB79247598AA00F9500D /* UIViewExtension.swift */; };
		07E9EB7C2475A99A00F9500D /* FavoritesView.swift in Sources */ = {isa = PBXBuildFile; fileRef = 07E9EB7B2475A99A00F9500D /* FavoritesView.swift */; };
		07E9EB7F2476EFC100F9500D /* UIImageViewExtension.swift in Sources */ = {isa = PBXBuildFile; fileRef = 07E9EB7E2476EFC100F9500D /* UIImageViewExtension.swift */; };
		07E9EB8524780CF900F9500D /* CardDetailsViewController.swift in Sources */ = {isa = PBXBuildFile; fileRef = 07E9EB8424780CF900F9500D /* CardDetailsViewController.swift */; };
		07E9EB8724783DA900F9500D /* CardDetailsView.swift in Sources */ = {isa = PBXBuildFile; fileRef = 07E9EB8624783DA900F9500D /* CardDetailsView.swift */; };
		07E9EB8B247BFEB900F9500D /* CardCollectionViewCell.swift in Sources */ = {isa = PBXBuildFile; fileRef = 07E9EB8A247BFEB900F9500D /* CardCollectionViewCell.swift */; };
		07E9EB8E247C0DB500F9500D /* FeedCollectionViewDataSource.swift in Sources */ = {isa = PBXBuildFile; fileRef = 07E9EB8D247C0DB500F9500D /* FeedCollectionViewDataSource.swift */; };
		07E9EB90247C0E0500F9500D /* UICollectionViewExtension.swift in Sources */ = {isa = PBXBuildFile; fileRef = 07E9EB8F247C0E0500F9500D /* UICollectionViewExtension.swift */; };
		07E9EB99247C127500F9500D /* FeedViewModel.swift in Sources */ = {isa = PBXBuildFile; fileRef = 07E9EB98247C127500F9500D /* FeedViewModel.swift */; };
		07E9EB9F247D59F600F9500D /* CoordinatorDelegate.swift in Sources */ = {isa = PBXBuildFile; fileRef = 07E9EB9E247D59F600F9500D /* CoordinatorDelegate.swift */; };
		07E9EBA6247DBAC100F9500D /* Gotham-Black.otf in Resources */ = {isa = PBXBuildFile; fileRef = 07E9EBA5247DBAC100F9500D /* Gotham-Black.otf */; };
		091373232475619A0079003C /* EndPointType.swift in Sources */ = {isa = PBXBuildFile; fileRef = 091373222475619A0079003C /* EndPointType.swift */; };
		09137325247562950079003C /* HTTPMethod.swift in Sources */ = {isa = PBXBuildFile; fileRef = 09137324247562950079003C /* HTTPMethod.swift */; };
		09137327247564790079003C /* HTTPTask.swift in Sources */ = {isa = PBXBuildFile; fileRef = 09137326247564790079003C /* HTTPTask.swift */; };
		09137329247567B90079003C /* ParameterEncoding.swift in Sources */ = {isa = PBXBuildFile; fileRef = 09137328247567B90079003C /* ParameterEncoding.swift */; };
		0913732C24756AA40079003C /* NetworkError.swift in Sources */ = {isa = PBXBuildFile; fileRef = 0913732B24756AA40079003C /* NetworkError.swift */; };
		0913732E24756B130079003C /* URLParameterEncoder.swift in Sources */ = {isa = PBXBuildFile; fileRef = 0913732D24756B130079003C /* URLParameterEncoder.swift */; };
		0913733024756C530079003C /* JSONParameterEncoder.swift in Sources */ = {isa = PBXBuildFile; fileRef = 0913732F24756C530079003C /* JSONParameterEncoder.swift */; };
		0913733224756D070079003C /* NetworkRouter.swift in Sources */ = {isa = PBXBuildFile; fileRef = 0913733124756D070079003C /* NetworkRouter.swift */; };
		09137334247588010079003C /* Router.swift in Sources */ = {isa = PBXBuildFile; fileRef = 09137333247588010079003C /* Router.swift */; };
		09328D312480719D00EB0804 /* CardImageView.swift in Sources */ = {isa = PBXBuildFile; fileRef = 09328D302480719D00EB0804 /* CardImageView.swift */; };
		09328D332481571700EB0804 /* CardsHeaderView.swift in Sources */ = {isa = PBXBuildFile; fileRef = 09328D322481571700EB0804 /* CardsHeaderView.swift */; };
		0942424D247D56DD0046FBD8 /* HTTPServicesProtocol.swift in Sources */ = {isa = PBXBuildFile; fileRef = 0942424C247D56DD0046FBD8 /* HTTPServicesProtocol.swift */; };
		09B1B8322475CB5900662B5E /* NetworkManager.swift in Sources */ = {isa = PBXBuildFile; fileRef = 09B1B8312475CB5900662B5E /* NetworkManager.swift */; };
		09B1B8342475CDD300662B5E /* MagicApi.swift in Sources */ = {isa = PBXBuildFile; fileRef = 09B1B8332475CDD300662B5E /* MagicApi.swift */; };
		09B1B8372476FA3C00662B5E /* CardModel.swift in Sources */ = {isa = PBXBuildFile; fileRef = 09B1B8362476FA3C00662B5E /* CardModel.swift */; };
		09B1B8392477052C00662B5E /* CardSetModel.swift in Sources */ = {isa = PBXBuildFile; fileRef = 09B1B8382477052C00662B5E /* CardSetModel.swift */; };
		09B1B83B2477054200662B5E /* CardTypeModel.swift in Sources */ = {isa = PBXBuildFile; fileRef = 09B1B83A2477054200662B5E /* CardTypeModel.swift */; };
/* End PBXBuildFile section */

/* Begin PBXContainerItemProxy section */
		07E9EB432475581600F9500D /* PBXContainerItemProxy */ = {
			isa = PBXContainerItemProxy;
			containerPortal = 07E9EB212475581400F9500D /* Project object */;
			proxyType = 1;
			remoteGlobalIDString = 07E9EB282475581400F9500D;
			remoteInfo = "Bootcamp Magic";
		};
		07E9EB4E2475581600F9500D /* PBXContainerItemProxy */ = {
			isa = PBXContainerItemProxy;
			containerPortal = 07E9EB212475581400F9500D /* Project object */;
			proxyType = 1;
			remoteGlobalIDString = 07E9EB282475581400F9500D;
			remoteInfo = "Bootcamp Magic";
		};
/* End PBXContainerItemProxy section */

/* Begin PBXFileReference section */
		07BD6535248161970098DA99 /* UISearchBarExtension.swift */ = {isa = PBXFileReference; lastKnownFileType = sourcecode.swift; path = UISearchBarExtension.swift; sourceTree = "<group>"; };
		07BD65372485B0090098DA99 /* CollectionFooterView.swift */ = {isa = PBXFileReference; lastKnownFileType = sourcecode.swift; path = CollectionFooterView.swift; sourceTree = "<group>"; };
		07E9EB292475581400F9500D /* Bootcamp Magic.app */ = {isa = PBXFileReference; explicitFileType = wrapper.application; includeInIndex = 0; path = "Bootcamp Magic.app"; sourceTree = BUILT_PRODUCTS_DIR; };
		07E9EB2C2475581400F9500D /* AppDelegate.swift */ = {isa = PBXFileReference; lastKnownFileType = sourcecode.swift; path = AppDelegate.swift; sourceTree = "<group>"; };
		07E9EB2E2475581400F9500D /* SceneDelegate.swift */ = {isa = PBXFileReference; lastKnownFileType = sourcecode.swift; path = SceneDelegate.swift; sourceTree = "<group>"; };
		07E9EB362475581400F9500D /* Bootcamp_Magic.xcdatamodel */ = {isa = PBXFileReference; lastKnownFileType = wrapper.xcdatamodel; path = Bootcamp_Magic.xcdatamodel; sourceTree = "<group>"; };
		07E9EB382475581600F9500D /* Assets.xcassets */ = {isa = PBXFileReference; lastKnownFileType = folder.assetcatalog; path = Assets.xcassets; sourceTree = "<group>"; };
		07E9EB3B2475581600F9500D /* Base */ = {isa = PBXFileReference; lastKnownFileType = file.storyboard; name = Base; path = Base.lproj/LaunchScreen.storyboard; sourceTree = "<group>"; };
		07E9EB3D2475581600F9500D /* Info.plist */ = {isa = PBXFileReference; lastKnownFileType = text.plist.xml; path = Info.plist; sourceTree = "<group>"; };
		07E9EB422475581600F9500D /* Bootcamp MagicTests.xctest */ = {isa = PBXFileReference; explicitFileType = wrapper.cfbundle; includeInIndex = 0; path = "Bootcamp MagicTests.xctest"; sourceTree = BUILT_PRODUCTS_DIR; };
		07E9EB462475581600F9500D /* Bootcamp_MagicTests.swift */ = {isa = PBXFileReference; lastKnownFileType = sourcecode.swift; path = Bootcamp_MagicTests.swift; sourceTree = "<group>"; };
		07E9EB482475581600F9500D /* Info.plist */ = {isa = PBXFileReference; lastKnownFileType = text.plist.xml; path = Info.plist; sourceTree = "<group>"; };
		07E9EB4D2475581600F9500D /* Bootcamp MagicUITests.xctest */ = {isa = PBXFileReference; explicitFileType = wrapper.cfbundle; includeInIndex = 0; path = "Bootcamp MagicUITests.xctest"; sourceTree = BUILT_PRODUCTS_DIR; };
		07E9EB512475581600F9500D /* Bootcamp_MagicUITests.swift */ = {isa = PBXFileReference; lastKnownFileType = sourcecode.swift; path = Bootcamp_MagicUITests.swift; sourceTree = "<group>"; };
		07E9EB532475581600F9500D /* Info.plist */ = {isa = PBXFileReference; lastKnownFileType = text.plist.xml; path = Info.plist; sourceTree = "<group>"; };
		07E9EB60247563DA00F9500D /* TabBarController.swift */ = {isa = PBXFileReference; lastKnownFileType = sourcecode.swift; path = TabBarController.swift; sourceTree = "<group>"; };
		07E9EB622475642000F9500D /* FavoritesViewController.swift */ = {isa = PBXFileReference; lastKnownFileType = sourcecode.swift; path = FavoritesViewController.swift; sourceTree = "<group>"; };
		07E9EB642475643F00F9500D /* FeedViewController.swift */ = {isa = PBXFileReference; lastKnownFileType = sourcecode.swift; path = FeedViewController.swift; sourceTree = "<group>"; };
		07E9EB6724756BB800F9500D /* Coordinator.swift */ = {isa = PBXFileReference; lastKnownFileType = sourcecode.swift; path = Coordinator.swift; sourceTree = "<group>"; };
		07E9EB6924756C2800F9500D /* AppCoordinator.swift */ = {isa = PBXFileReference; lastKnownFileType = sourcecode.swift; path = AppCoordinator.swift; sourceTree = "<group>"; };
		07E9EB6B2475710300F9500D /* FavoritesCoordinator.swift */ = {isa = PBXFileReference; lastKnownFileType = sourcecode.swift; path = FavoritesCoordinator.swift; sourceTree = "<group>"; };
		07E9EB6D247571B800F9500D /* FeedCoordinator.swift */ = {isa = PBXFileReference; lastKnownFileType = sourcecode.swift; path = FeedCoordinator.swift; sourceTree = "<group>"; };
		07E9EB702475963F00F9500D /* ViewCoding.swift */ = {isa = PBXFileReference; lastKnownFileType = sourcecode.swift; path = ViewCoding.swift; sourceTree = "<group>"; };
		07E9EB752475979900F9500D /* FeedView.swift */ = {isa = PBXFileReference; lastKnownFileType = sourcecode.swift; path = FeedView.swift; sourceTree = "<group>"; };
		07E9EB772475988200F9500D /* ViewDelegate.swift */ = {isa = PBXFileReference; lastKnownFileType = sourcecode.swift; path = ViewDelegate.swift; sourceTree = "<group>"; };
		07E9EB79247598AA00F9500D /* UIViewExtension.swift */ = {isa = PBXFileReference; lastKnownFileType = sourcecode.swift; path = UIViewExtension.swift; sourceTree = "<group>"; };
		07E9EB7B2475A99A00F9500D /* FavoritesView.swift */ = {isa = PBXFileReference; lastKnownFileType = sourcecode.swift; path = FavoritesView.swift; sourceTree = "<group>"; };
		07E9EB7E2476EFC100F9500D /* UIImageViewExtension.swift */ = {isa = PBXFileReference; lastKnownFileType = sourcecode.swift; path = UIImageViewExtension.swift; sourceTree = "<group>"; };
		07E9EB8424780CF900F9500D /* CardDetailsViewController.swift */ = {isa = PBXFileReference; lastKnownFileType = sourcecode.swift; path = CardDetailsViewController.swift; sourceTree = "<group>"; };
		07E9EB8624783DA900F9500D /* CardDetailsView.swift */ = {isa = PBXFileReference; lastKnownFileType = sourcecode.swift; path = CardDetailsView.swift; sourceTree = "<group>"; };
		07E9EB8A247BFEB900F9500D /* CardCollectionViewCell.swift */ = {isa = PBXFileReference; lastKnownFileType = sourcecode.swift; path = CardCollectionViewCell.swift; sourceTree = "<group>"; };
		07E9EB8D247C0DB500F9500D /* FeedCollectionViewDataSource.swift */ = {isa = PBXFileReference; lastKnownFileType = sourcecode.swift; path = FeedCollectionViewDataSource.swift; sourceTree = "<group>"; };
		07E9EB8F247C0E0500F9500D /* UICollectionViewExtension.swift */ = {isa = PBXFileReference; lastKnownFileType = sourcecode.swift; path = UICollectionViewExtension.swift; sourceTree = "<group>"; };
		07E9EB98247C127500F9500D /* FeedViewModel.swift */ = {isa = PBXFileReference; lastKnownFileType = sourcecode.swift; path = FeedViewModel.swift; sourceTree = "<group>"; };
		07E9EB9E247D59F600F9500D /* CoordinatorDelegate.swift */ = {isa = PBXFileReference; lastKnownFileType = sourcecode.swift; path = CoordinatorDelegate.swift; sourceTree = "<group>"; };
		07E9EBA5247DBAC100F9500D /* Gotham-Black.otf */ = {isa = PBXFileReference; lastKnownFileType = file; path = "Gotham-Black.otf"; sourceTree = "<group>"; };
		091373222475619A0079003C /* EndPointType.swift */ = {isa = PBXFileReference; lastKnownFileType = sourcecode.swift; path = EndPointType.swift; sourceTree = "<group>"; };
		09137324247562950079003C /* HTTPMethod.swift */ = {isa = PBXFileReference; lastKnownFileType = sourcecode.swift; path = HTTPMethod.swift; sourceTree = "<group>"; };
		09137326247564790079003C /* HTTPTask.swift */ = {isa = PBXFileReference; lastKnownFileType = sourcecode.swift; path = HTTPTask.swift; sourceTree = "<group>"; };
		09137328247567B90079003C /* ParameterEncoding.swift */ = {isa = PBXFileReference; lastKnownFileType = sourcecode.swift; path = ParameterEncoding.swift; sourceTree = "<group>"; };
		0913732B24756AA40079003C /* NetworkError.swift */ = {isa = PBXFileReference; lastKnownFileType = sourcecode.swift; path = NetworkError.swift; sourceTree = "<group>"; };
		0913732D24756B130079003C /* URLParameterEncoder.swift */ = {isa = PBXFileReference; lastKnownFileType = sourcecode.swift; path = URLParameterEncoder.swift; sourceTree = "<group>"; };
		0913732F24756C530079003C /* JSONParameterEncoder.swift */ = {isa = PBXFileReference; lastKnownFileType = sourcecode.swift; path = JSONParameterEncoder.swift; sourceTree = "<group>"; };
		0913733124756D070079003C /* NetworkRouter.swift */ = {isa = PBXFileReference; lastKnownFileType = sourcecode.swift; path = NetworkRouter.swift; sourceTree = "<group>"; };
		09137333247588010079003C /* Router.swift */ = {isa = PBXFileReference; lastKnownFileType = sourcecode.swift; path = Router.swift; sourceTree = "<group>"; };
		09328D302480719D00EB0804 /* CardImageView.swift */ = {isa = PBXFileReference; lastKnownFileType = sourcecode.swift; path = CardImageView.swift; sourceTree = "<group>"; };
		09328D322481571700EB0804 /* CardsHeaderView.swift */ = {isa = PBXFileReference; lastKnownFileType = sourcecode.swift; path = CardsHeaderView.swift; sourceTree = "<group>"; };
		0942424C247D56DD0046FBD8 /* HTTPServicesProtocol.swift */ = {isa = PBXFileReference; lastKnownFileType = sourcecode.swift; path = HTTPServicesProtocol.swift; sourceTree = "<group>"; };
		09B1B8312475CB5900662B5E /* NetworkManager.swift */ = {isa = PBXFileReference; lastKnownFileType = sourcecode.swift; path = NetworkManager.swift; sourceTree = "<group>"; };
		09B1B8332475CDD300662B5E /* MagicApi.swift */ = {isa = PBXFileReference; lastKnownFileType = sourcecode.swift; path = MagicApi.swift; sourceTree = "<group>"; };
		09B1B8362476FA3C00662B5E /* CardModel.swift */ = {isa = PBXFileReference; lastKnownFileType = sourcecode.swift; path = CardModel.swift; sourceTree = "<group>"; };
		09B1B8382477052C00662B5E /* CardSetModel.swift */ = {isa = PBXFileReference; lastKnownFileType = sourcecode.swift; path = CardSetModel.swift; sourceTree = "<group>"; };
		09B1B83A2477054200662B5E /* CardTypeModel.swift */ = {isa = PBXFileReference; lastKnownFileType = sourcecode.swift; path = CardTypeModel.swift; sourceTree = "<group>"; };
/* End PBXFileReference section */

/* Begin PBXFrameworksBuildPhase section */
		07E9EB262475581400F9500D /* Frameworks */ = {
			isa = PBXFrameworksBuildPhase;
			buildActionMask = 2147483647;
			files = (
			);
			runOnlyForDeploymentPostprocessing = 0;
		};
		07E9EB3F2475581600F9500D /* Frameworks */ = {
			isa = PBXFrameworksBuildPhase;
			buildActionMask = 2147483647;
			files = (
			);
			runOnlyForDeploymentPostprocessing = 0;
		};
		07E9EB4A2475581600F9500D /* Frameworks */ = {
			isa = PBXFrameworksBuildPhase;
			buildActionMask = 2147483647;
			files = (
			);
			runOnlyForDeploymentPostprocessing = 0;
		};
/* End PBXFrameworksBuildPhase section */

/* Begin PBXGroup section */
		07E9EB202475581400F9500D = {
			isa = PBXGroup;
			children = (
				07E9EB2B2475581400F9500D /* Bootcamp Magic */,
				07E9EB452475581600F9500D /* Bootcamp MagicTests */,
				07E9EB502475581600F9500D /* Bootcamp MagicUITests */,
				07E9EB2A2475581400F9500D /* Products */,
			);
			sourceTree = "<group>";
		};
		07E9EB2A2475581400F9500D /* Products */ = {
			isa = PBXGroup;
			children = (
				07E9EB292475581400F9500D /* Bootcamp Magic.app */,
				07E9EB422475581600F9500D /* Bootcamp MagicTests.xctest */,
				07E9EB4D2475581600F9500D /* Bootcamp MagicUITests.xctest */,
			);
			name = Products;
			sourceTree = "<group>";
		};
		07E9EB2B2475581400F9500D /* Bootcamp Magic */ = {
			isa = PBXGroup;
			children = (
				07E9EBA0247DB49A00F9500D /* Resources */,
				07E9EB8C247C0D5900F9500D /* ColectionView */,
				0913731D2475600F0079003C /* NetworkLayer */,
				09B1B8352476EED700662B5E /* Model */,
				07E9EB742475977500F9500D /* View */,
				07E9EB6F2475961F00F9500D /* ViewCode */,
				07E9EB6624756B0300F9500D /* Coordinator */,
				07E9EB2C2475581400F9500D /* AppDelegate.swift */,
				07E9EB2E2475581400F9500D /* SceneDelegate.swift */,
				07E9EB382475581600F9500D /* Assets.xcassets */,
				07E9EB3A2475581600F9500D /* LaunchScreen.storyboard */,
				07E9EB3D2475581600F9500D /* Info.plist */,
				07E9EB352475581400F9500D /* Bootcamp_Magic.xcdatamodeld */,
				09328D302480719D00EB0804 /* CardImageView.swift */,
			);
			path = "Bootcamp Magic";
			sourceTree = "<group>";
		};
		07E9EB452475581600F9500D /* Bootcamp MagicTests */ = {
			isa = PBXGroup;
			children = (
				07E9EB462475581600F9500D /* Bootcamp_MagicTests.swift */,
				07E9EB482475581600F9500D /* Info.plist */,
			);
			path = "Bootcamp MagicTests";
			sourceTree = "<group>";
		};
		07E9EB502475581600F9500D /* Bootcamp MagicUITests */ = {
			isa = PBXGroup;
			children = (
				07E9EB512475581600F9500D /* Bootcamp_MagicUITests.swift */,
				07E9EB532475581600F9500D /* Info.plist */,
			);
			path = "Bootcamp MagicUITests";
			sourceTree = "<group>";
		};
		07E9EB6624756B0300F9500D /* Coordinator */ = {
			isa = PBXGroup;
			children = (
				07E9EB6724756BB800F9500D /* Coordinator.swift */,
				07E9EB6924756C2800F9500D /* AppCoordinator.swift */,
				07E9EB6B2475710300F9500D /* FavoritesCoordinator.swift */,
				07E9EB6D247571B800F9500D /* FeedCoordinator.swift */,
				07E9EB9E247D59F600F9500D /* CoordinatorDelegate.swift */,
			);
			path = Coordinator;
			sourceTree = "<group>";
		};
		07E9EB6F2475961F00F9500D /* ViewCode */ = {
			isa = PBXGroup;
			children = (
				07E9EB702475963F00F9500D /* ViewCoding.swift */,
				07E9EB772475988200F9500D /* ViewDelegate.swift */,
				07E9EB79247598AA00F9500D /* UIViewExtension.swift */,
				07E9EB7E2476EFC100F9500D /* UIImageViewExtension.swift */,
				07E9EB8F247C0E0500F9500D /* UICollectionViewExtension.swift */,
				07BD6535248161970098DA99 /* UISearchBarExtension.swift */,
			);
			path = ViewCode;
			sourceTree = "<group>";
		};
		07E9EB742475977500F9500D /* View */ = {
			isa = PBXGroup;
			children = (
				07E9EB96247C11EB00F9500D /* TabBar */,
				07E9EB94247C119700F9500D /* CustomCells */,
				07E9EB93247C117F00F9500D /* CardDetails */,
				07E9EB92247C117700F9500D /* Favorites */,
				07E9EB91247C116E00F9500D /* Feed */,
			);
			path = View;
			sourceTree = "<group>";
		};
		07E9EB8C247C0D5900F9500D /* ColectionView */ = {
			isa = PBXGroup;
			children = (
				07E9EB8D247C0DB500F9500D /* FeedCollectionViewDataSource.swift */,
			);
			path = ColectionView;
			sourceTree = "<group>";
		};
		07E9EB91247C116E00F9500D /* Feed */ = {
			isa = PBXGroup;
			children = (
				07E9EB642475643F00F9500D /* FeedViewController.swift */,
				07E9EB752475979900F9500D /* FeedView.swift */,
				07E9EB98247C127500F9500D /* FeedViewModel.swift */,
			);
			path = Feed;
			sourceTree = "<group>";
		};
		07E9EB92247C117700F9500D /* Favorites */ = {
			isa = PBXGroup;
			children = (
				07E9EB622475642000F9500D /* FavoritesViewController.swift */,
				07E9EB7B2475A99A00F9500D /* FavoritesView.swift */,
			);
			path = Favorites;
			sourceTree = "<group>";
		};
		07E9EB93247C117F00F9500D /* CardDetails */ = {
			isa = PBXGroup;
			children = (
				07E9EB8424780CF900F9500D /* CardDetailsViewController.swift */,
				07E9EB8624783DA900F9500D /* CardDetailsView.swift */,
			);
			path = CardDetails;
			sourceTree = "<group>";
		};
		07E9EB94247C119700F9500D /* CustomCells */ = {
			isa = PBXGroup;
			children = (
				09328D322481571700EB0804 /* CardsHeaderView.swift */,
				07E9EB8A247BFEB900F9500D /* CardCollectionViewCell.swift */,
				07BD65372485B0090098DA99 /* CollectionFooterView.swift */,
			);
			path = CustomCells;
			sourceTree = "<group>";
		};
		07E9EB96247C11EB00F9500D /* TabBar */ = {
			isa = PBXGroup;
			children = (
				07E9EB60247563DA00F9500D /* TabBarController.swift */,
			);
			path = TabBar;
			sourceTree = "<group>";
		};
		07E9EBA0247DB49A00F9500D /* Resources */ = {
			isa = PBXGroup;
			children = (
				07E9EBA5247DBAC100F9500D /* Gotham-Black.otf */,
			);
			path = Resources;
			sourceTree = "<group>";
		};
		0913731D2475600F0079003C /* NetworkLayer */ = {
			isa = PBXGroup;
			children = (
				0913731E247560330079003C /* EndPoint */,
				0913731F247560410079003C /* Manager */,
				091373202475604C0079003C /* Service */,
				09137321247560530079003C /* Encoding */,
				0913732A24756A720079003C /* Error */,
			);
			path = NetworkLayer;
			sourceTree = "<group>";
		};
		0913731E247560330079003C /* EndPoint */ = {
			isa = PBXGroup;
			children = (
				09B1B8332475CDD300662B5E /* MagicApi.swift */,
			);
			path = EndPoint;
			sourceTree = "<group>";
		};
		0913731F247560410079003C /* Manager */ = {
			isa = PBXGroup;
			children = (
				09B1B8312475CB5900662B5E /* NetworkManager.swift */,
			);
			path = Manager;
			sourceTree = "<group>";
		};
		091373202475604C0079003C /* Service */ = {
			isa = PBXGroup;
			children = (
				091373222475619A0079003C /* EndPointType.swift */,
				09137324247562950079003C /* HTTPMethod.swift */,
				09137326247564790079003C /* HTTPTask.swift */,
				0913733124756D070079003C /* NetworkRouter.swift */,
				09137333247588010079003C /* Router.swift */,
				0942424C247D56DD0046FBD8 /* HTTPServicesProtocol.swift */,
			);
			path = Service;
			sourceTree = "<group>";
		};
		09137321247560530079003C /* Encoding */ = {
			isa = PBXGroup;
			children = (
				09137328247567B90079003C /* ParameterEncoding.swift */,
				0913732D24756B130079003C /* URLParameterEncoder.swift */,
				0913732F24756C530079003C /* JSONParameterEncoder.swift */,
			);
			path = Encoding;
			sourceTree = "<group>";
		};
		0913732A24756A720079003C /* Error */ = {
			isa = PBXGroup;
			children = (
				0913732B24756AA40079003C /* NetworkError.swift */,
			);
			path = Error;
			sourceTree = "<group>";
		};
		09B1B8352476EED700662B5E /* Model */ = {
			isa = PBXGroup;
			children = (
				09B1B8362476FA3C00662B5E /* CardModel.swift */,
				09B1B8382477052C00662B5E /* CardSetModel.swift */,
				09B1B83A2477054200662B5E /* CardTypeModel.swift */,
			);
			path = Model;
			sourceTree = "<group>";
		};
/* End PBXGroup section */

/* Begin PBXNativeTarget section */
		07E9EB282475581400F9500D /* Bootcamp Magic */ = {
			isa = PBXNativeTarget;
			buildConfigurationList = 07E9EB562475581600F9500D /* Build configuration list for PBXNativeTarget "Bootcamp Magic" */;
			buildPhases = (
				07E9EB252475581400F9500D /* Sources */,
				07E9EB262475581400F9500D /* Frameworks */,
				07E9EB272475581400F9500D /* Resources */,
			);
			buildRules = (
			);
			dependencies = (
			);
			name = "Bootcamp Magic";
			productName = "Bootcamp Magic";
			productReference = 07E9EB292475581400F9500D /* Bootcamp Magic.app */;
			productType = "com.apple.product-type.application";
		};
		07E9EB412475581600F9500D /* Bootcamp MagicTests */ = {
			isa = PBXNativeTarget;
			buildConfigurationList = 07E9EB592475581600F9500D /* Build configuration list for PBXNativeTarget "Bootcamp MagicTests" */;
			buildPhases = (
				07E9EB3E2475581600F9500D /* Sources */,
				07E9EB3F2475581600F9500D /* Frameworks */,
				07E9EB402475581600F9500D /* Resources */,
			);
			buildRules = (
			);
			dependencies = (
				07E9EB442475581600F9500D /* PBXTargetDependency */,
			);
			name = "Bootcamp MagicTests";
			productName = "Bootcamp MagicTests";
			productReference = 07E9EB422475581600F9500D /* Bootcamp MagicTests.xctest */;
			productType = "com.apple.product-type.bundle.unit-test";
		};
		07E9EB4C2475581600F9500D /* Bootcamp MagicUITests */ = {
			isa = PBXNativeTarget;
			buildConfigurationList = 07E9EB5C2475581600F9500D /* Build configuration list for PBXNativeTarget "Bootcamp MagicUITests" */;
			buildPhases = (
				07E9EB492475581600F9500D /* Sources */,
				07E9EB4A2475581600F9500D /* Frameworks */,
				07E9EB4B2475581600F9500D /* Resources */,
			);
			buildRules = (
			);
			dependencies = (
				07E9EB4F2475581600F9500D /* PBXTargetDependency */,
			);
			name = "Bootcamp MagicUITests";
			productName = "Bootcamp MagicUITests";
			productReference = 07E9EB4D2475581600F9500D /* Bootcamp MagicUITests.xctest */;
			productType = "com.apple.product-type.bundle.ui-testing";
		};
/* End PBXNativeTarget section */

/* Begin PBXProject section */
		07E9EB212475581400F9500D /* Project object */ = {
			isa = PBXProject;
			attributes = {
				LastSwiftUpdateCheck = 1130;
				LastUpgradeCheck = 1130;
				ORGANIZATIONNAME = mariaelena.silveira;
				TargetAttributes = {
					07E9EB282475581400F9500D = {
						CreatedOnToolsVersion = 11.3.1;
					};
					07E9EB412475581600F9500D = {
						CreatedOnToolsVersion = 11.3.1;
						TestTargetID = 07E9EB282475581400F9500D;
					};
					07E9EB4C2475581600F9500D = {
						CreatedOnToolsVersion = 11.3.1;
						TestTargetID = 07E9EB282475581400F9500D;
					};
				};
			};
			buildConfigurationList = 07E9EB242475581400F9500D /* Build configuration list for PBXProject "Bootcamp Magic" */;
			compatibilityVersion = "Xcode 9.3";
			developmentRegion = en;
			hasScannedForEncodings = 0;
			knownRegions = (
				en,
				Base,
			);
			mainGroup = 07E9EB202475581400F9500D;
			productRefGroup = 07E9EB2A2475581400F9500D /* Products */;
			projectDirPath = "";
			projectRoot = "";
			targets = (
				07E9EB282475581400F9500D /* Bootcamp Magic */,
				07E9EB412475581600F9500D /* Bootcamp MagicTests */,
				07E9EB4C2475581600F9500D /* Bootcamp MagicUITests */,
			);
		};
/* End PBXProject section */

/* Begin PBXResourcesBuildPhase section */
		07E9EB272475581400F9500D /* Resources */ = {
			isa = PBXResourcesBuildPhase;
			buildActionMask = 2147483647;
			files = (
				07E9EB3C2475581600F9500D /* LaunchScreen.storyboard in Resources */,
				07E9EBA6247DBAC100F9500D /* Gotham-Black.otf in Resources */,
				07E9EB392475581600F9500D /* Assets.xcassets in Resources */,
			);
			runOnlyForDeploymentPostprocessing = 0;
		};
		07E9EB402475581600F9500D /* Resources */ = {
			isa = PBXResourcesBuildPhase;
			buildActionMask = 2147483647;
			files = (
			);
			runOnlyForDeploymentPostprocessing = 0;
		};
		07E9EB4B2475581600F9500D /* Resources */ = {
			isa = PBXResourcesBuildPhase;
			buildActionMask = 2147483647;
			files = (
			);
			runOnlyForDeploymentPostprocessing = 0;
		};
/* End PBXResourcesBuildPhase section */

/* Begin PBXSourcesBuildPhase section */
		07E9EB252475581400F9500D /* Sources */ = {
			isa = PBXSourcesBuildPhase;
			buildActionMask = 2147483647;
			files = (
				07E9EB782475988200F9500D /* ViewDelegate.swift in Sources */,
				07E9EB8524780CF900F9500D /* CardDetailsViewController.swift in Sources */,
				07E9EB6E247571B800F9500D /* FeedCoordinator.swift in Sources */,
				09137327247564790079003C /* HTTPTask.swift in Sources */,
				09B1B83B2477054200662B5E /* CardTypeModel.swift in Sources */,
				07E9EB9F247D59F600F9500D /* CoordinatorDelegate.swift in Sources */,
				07E9EB372475581400F9500D /* Bootcamp_Magic.xcdatamodeld in Sources */,
				07E9EB712475963F00F9500D /* ViewCoding.swift in Sources */,
				07E9EB7A247598AA00F9500D /* UIViewExtension.swift in Sources */,
				07E9EB7C2475A99A00F9500D /* FavoritesView.swift in Sources */,
				09328D312480719D00EB0804 /* CardImageView.swift in Sources */,
				07E9EB90247C0E0500F9500D /* UICollectionViewExtension.swift in Sources */,
				07E9EB8724783DA900F9500D /* CardDetailsView.swift in Sources */,
				07E9EB632475642000F9500D /* FavoritesViewController.swift in Sources */,
				07E9EB762475979900F9500D /* FeedView.swift in Sources */,
				09137329247567B90079003C /* ParameterEncoding.swift in Sources */,
				09B1B8342475CDD300662B5E /* MagicApi.swift in Sources */,
				0913733024756C530079003C /* JSONParameterEncoder.swift in Sources */,
				0913733224756D070079003C /* NetworkRouter.swift in Sources */,
				09137325247562950079003C /* HTTPMethod.swift in Sources */,
				07E9EB2D2475581400F9500D /* AppDelegate.swift in Sources */,
				09B1B8372476FA3C00662B5E /* CardModel.swift in Sources */,
				0913732C24756AA40079003C /* NetworkError.swift in Sources */,
				09B1B8392477052C00662B5E /* CardSetModel.swift in Sources */,
				0942424D247D56DD0046FBD8 /* HTTPServicesProtocol.swift in Sources */,
				091373232475619A0079003C /* EndPointType.swift in Sources */,
				09B1B8322475CB5900662B5E /* NetworkManager.swift in Sources */,
				0913732E24756B130079003C /* URLParameterEncoder.swift in Sources */,
				07E9EB61247563DA00F9500D /* TabBarController.swift in Sources */,
				07E9EB99247C127500F9500D /* FeedViewModel.swift in Sources */,
				07E9EB8B247BFEB900F9500D /* CardCollectionViewCell.swift in Sources */,
				07E9EB6A24756C2800F9500D /* AppCoordinator.swift in Sources */,
				07E9EB2F2475581400F9500D /* SceneDelegate.swift in Sources */,
				07E9EB652475643F00F9500D /* FeedViewController.swift in Sources */,
				07E9EB8E247C0DB500F9500D /* FeedCollectionViewDataSource.swift in Sources */,
				07BD65382485B0090098DA99 /* CollectionFooterView.swift in Sources */,
				07BD6536248161970098DA99 /* UISearchBarExtension.swift in Sources */,
				07E9EB6C2475710300F9500D /* FavoritesCoordinator.swift in Sources */,
				07E9EB7F2476EFC100F9500D /* UIImageViewExtension.swift in Sources */,
				07E9EB6824756BB800F9500D /* Coordinator.swift in Sources */,
				09137334247588010079003C /* Router.swift in Sources */,
				09328D332481571700EB0804 /* CardsHeaderView.swift in Sources */,
			);
			runOnlyForDeploymentPostprocessing = 0;
		};
		07E9EB3E2475581600F9500D /* Sources */ = {
			isa = PBXSourcesBuildPhase;
			buildActionMask = 2147483647;
			files = (
				07E9EB472475581600F9500D /* Bootcamp_MagicTests.swift in Sources */,
			);
			runOnlyForDeploymentPostprocessing = 0;
		};
		07E9EB492475581600F9500D /* Sources */ = {
			isa = PBXSourcesBuildPhase;
			buildActionMask = 2147483647;
			files = (
				07E9EB522475581600F9500D /* Bootcamp_MagicUITests.swift in Sources */,
			);
			runOnlyForDeploymentPostprocessing = 0;
		};
/* End PBXSourcesBuildPhase section */

/* Begin PBXTargetDependency section */
		07E9EB442475581600F9500D /* PBXTargetDependency */ = {
			isa = PBXTargetDependency;
			target = 07E9EB282475581400F9500D /* Bootcamp Magic */;
			targetProxy = 07E9EB432475581600F9500D /* PBXContainerItemProxy */;
		};
		07E9EB4F2475581600F9500D /* PBXTargetDependency */ = {
			isa = PBXTargetDependency;
			target = 07E9EB282475581400F9500D /* Bootcamp Magic */;
			targetProxy = 07E9EB4E2475581600F9500D /* PBXContainerItemProxy */;
		};
/* End PBXTargetDependency section */

/* Begin PBXVariantGroup section */
		07E9EB3A2475581600F9500D /* LaunchScreen.storyboard */ = {
			isa = PBXVariantGroup;
			children = (
				07E9EB3B2475581600F9500D /* Base */,
			);
			name = LaunchScreen.storyboard;
			sourceTree = "<group>";
		};
/* End PBXVariantGroup section */

/* Begin XCBuildConfiguration section */
		07E9EB542475581600F9500D /* Debug */ = {
			isa = XCBuildConfiguration;
			buildSettings = {
				ALWAYS_SEARCH_USER_PATHS = NO;
				CLANG_ANALYZER_NONNULL = YES;
				CLANG_ANALYZER_NUMBER_OBJECT_CONVERSION = YES_AGGRESSIVE;
				CLANG_CXX_LANGUAGE_STANDARD = "gnu++14";
				CLANG_CXX_LIBRARY = "libc++";
				CLANG_ENABLE_MODULES = YES;
				CLANG_ENABLE_OBJC_ARC = YES;
				CLANG_ENABLE_OBJC_WEAK = YES;
				CLANG_WARN_BLOCK_CAPTURE_AUTORELEASING = YES;
				CLANG_WARN_BOOL_CONVERSION = YES;
				CLANG_WARN_COMMA = YES;
				CLANG_WARN_CONSTANT_CONVERSION = YES;
				CLANG_WARN_DEPRECATED_OBJC_IMPLEMENTATIONS = YES;
				CLANG_WARN_DIRECT_OBJC_ISA_USAGE = YES_ERROR;
				CLANG_WARN_DOCUMENTATION_COMMENTS = YES;
				CLANG_WARN_EMPTY_BODY = YES;
				CLANG_WARN_ENUM_CONVERSION = YES;
				CLANG_WARN_INFINITE_RECURSION = YES;
				CLANG_WARN_INT_CONVERSION = YES;
				CLANG_WARN_NON_LITERAL_NULL_CONVERSION = YES;
				CLANG_WARN_OBJC_IMPLICIT_RETAIN_SELF = YES;
				CLANG_WARN_OBJC_LITERAL_CONVERSION = YES;
				CLANG_WARN_OBJC_ROOT_CLASS = YES_ERROR;
				CLANG_WARN_RANGE_LOOP_ANALYSIS = YES;
				CLANG_WARN_STRICT_PROTOTYPES = YES;
				CLANG_WARN_SUSPICIOUS_MOVE = YES;
				CLANG_WARN_UNGUARDED_AVAILABILITY = YES_AGGRESSIVE;
				CLANG_WARN_UNREACHABLE_CODE = YES;
				CLANG_WARN__DUPLICATE_METHOD_MATCH = YES;
				COPY_PHASE_STRIP = NO;
				DEBUG_INFORMATION_FORMAT = dwarf;
				ENABLE_STRICT_OBJC_MSGSEND = YES;
				ENABLE_TESTABILITY = YES;
				GCC_C_LANGUAGE_STANDARD = gnu11;
				GCC_DYNAMIC_NO_PIC = NO;
				GCC_NO_COMMON_BLOCKS = YES;
				GCC_OPTIMIZATION_LEVEL = 0;
				GCC_PREPROCESSOR_DEFINITIONS = (
					"DEBUG=1",
					"$(inherited)",
				);
				GCC_WARN_64_TO_32_BIT_CONVERSION = YES;
				GCC_WARN_ABOUT_RETURN_TYPE = YES_ERROR;
				GCC_WARN_UNDECLARED_SELECTOR = YES;
				GCC_WARN_UNINITIALIZED_AUTOS = YES_AGGRESSIVE;
				GCC_WARN_UNUSED_FUNCTION = YES;
				GCC_WARN_UNUSED_VARIABLE = YES;
				IPHONEOS_DEPLOYMENT_TARGET = 13.2;
				MTL_ENABLE_DEBUG_INFO = INCLUDE_SOURCE;
				MTL_FAST_MATH = YES;
				ONLY_ACTIVE_ARCH = YES;
				SDKROOT = iphoneos;
				SWIFT_ACTIVE_COMPILATION_CONDITIONS = DEBUG;
				SWIFT_OPTIMIZATION_LEVEL = "-Onone";
			};
			name = Debug;
		};
		07E9EB552475581600F9500D /* Release */ = {
			isa = XCBuildConfiguration;
			buildSettings = {
				ALWAYS_SEARCH_USER_PATHS = NO;
				CLANG_ANALYZER_NONNULL = YES;
				CLANG_ANALYZER_NUMBER_OBJECT_CONVERSION = YES_AGGRESSIVE;
				CLANG_CXX_LANGUAGE_STANDARD = "gnu++14";
				CLANG_CXX_LIBRARY = "libc++";
				CLANG_ENABLE_MODULES = YES;
				CLANG_ENABLE_OBJC_ARC = YES;
				CLANG_ENABLE_OBJC_WEAK = YES;
				CLANG_WARN_BLOCK_CAPTURE_AUTORELEASING = YES;
				CLANG_WARN_BOOL_CONVERSION = YES;
				CLANG_WARN_COMMA = YES;
				CLANG_WARN_CONSTANT_CONVERSION = YES;
				CLANG_WARN_DEPRECATED_OBJC_IMPLEMENTATIONS = YES;
				CLANG_WARN_DIRECT_OBJC_ISA_USAGE = YES_ERROR;
				CLANG_WARN_DOCUMENTATION_COMMENTS = YES;
				CLANG_WARN_EMPTY_BODY = YES;
				CLANG_WARN_ENUM_CONVERSION = YES;
				CLANG_WARN_INFINITE_RECURSION = YES;
				CLANG_WARN_INT_CONVERSION = YES;
				CLANG_WARN_NON_LITERAL_NULL_CONVERSION = YES;
				CLANG_WARN_OBJC_IMPLICIT_RETAIN_SELF = YES;
				CLANG_WARN_OBJC_LITERAL_CONVERSION = YES;
				CLANG_WARN_OBJC_ROOT_CLASS = YES_ERROR;
				CLANG_WARN_RANGE_LOOP_ANALYSIS = YES;
				CLANG_WARN_STRICT_PROTOTYPES = YES;
				CLANG_WARN_SUSPICIOUS_MOVE = YES;
				CLANG_WARN_UNGUARDED_AVAILABILITY = YES_AGGRESSIVE;
				CLANG_WARN_UNREACHABLE_CODE = YES;
				CLANG_WARN__DUPLICATE_METHOD_MATCH = YES;
				COPY_PHASE_STRIP = NO;
				DEBUG_INFORMATION_FORMAT = "dwarf-with-dsym";
				ENABLE_NS_ASSERTIONS = NO;
				ENABLE_STRICT_OBJC_MSGSEND = YES;
				GCC_C_LANGUAGE_STANDARD = gnu11;
				GCC_NO_COMMON_BLOCKS = YES;
				GCC_WARN_64_TO_32_BIT_CONVERSION = YES;
				GCC_WARN_ABOUT_RETURN_TYPE = YES_ERROR;
				GCC_WARN_UNDECLARED_SELECTOR = YES;
				GCC_WARN_UNINITIALIZED_AUTOS = YES_AGGRESSIVE;
				GCC_WARN_UNUSED_FUNCTION = YES;
				GCC_WARN_UNUSED_VARIABLE = YES;
				IPHONEOS_DEPLOYMENT_TARGET = 13.2;
				MTL_ENABLE_DEBUG_INFO = NO;
				MTL_FAST_MATH = YES;
				SDKROOT = iphoneos;
				SWIFT_COMPILATION_MODE = wholemodule;
				SWIFT_OPTIMIZATION_LEVEL = "-O";
				VALIDATE_PRODUCT = YES;
			};
			name = Release;
		};
		07E9EB572475581600F9500D /* Debug */ = {
			isa = XCBuildConfiguration;
			buildSettings = {
				ASSETCATALOG_COMPILER_APPICON_NAME = AppIcon;
				CODE_SIGN_STYLE = Automatic;
				DEVELOPMENT_TEAM = "";
				INFOPLIST_FILE = "Bootcamp Magic/Info.plist";
				IPHONEOS_DEPLOYMENT_TARGET = 13.2;
				LD_RUNPATH_SEARCH_PATHS = (
					"$(inherited)",
					"@executable_path/Frameworks",
				);
				PRODUCT_BUNDLE_IDENTIFIER = "com.concrete.Bootcamp-Magic";
				PRODUCT_NAME = "$(TARGET_NAME)";
				SWIFT_VERSION = 5.0;
				TARGETED_DEVICE_FAMILY = "1,2";
			};
			name = Debug;
		};
		07E9EB582475581600F9500D /* Release */ = {
			isa = XCBuildConfiguration;
			buildSettings = {
				ASSETCATALOG_COMPILER_APPICON_NAME = AppIcon;
				CODE_SIGN_STYLE = Automatic;
				DEVELOPMENT_TEAM = "";
				INFOPLIST_FILE = "Bootcamp Magic/Info.plist";
				IPHONEOS_DEPLOYMENT_TARGET = 13.2;
				LD_RUNPATH_SEARCH_PATHS = (
					"$(inherited)",
					"@executable_path/Frameworks",
				);
				PRODUCT_BUNDLE_IDENTIFIER = "com.concrete.Bootcamp-Magic";
				PRODUCT_NAME = "$(TARGET_NAME)";
				SWIFT_VERSION = 5.0;
				TARGETED_DEVICE_FAMILY = "1,2";
			};
			name = Release;
		};
		07E9EB5A2475581600F9500D /* Debug */ = {
			isa = XCBuildConfiguration;
			buildSettings = {
				ALWAYS_EMBED_SWIFT_STANDARD_LIBRARIES = YES;
				BUNDLE_LOADER = "$(TEST_HOST)";
				CODE_SIGN_STYLE = Automatic;
				INFOPLIST_FILE = "Bootcamp MagicTests/Info.plist";
				IPHONEOS_DEPLOYMENT_TARGET = 13.2;
				LD_RUNPATH_SEARCH_PATHS = (
					"$(inherited)",
					"@executable_path/Frameworks",
					"@loader_path/Frameworks",
				);
				PRODUCT_BUNDLE_IDENTIFIER = "com.concrete.Bootcamp-MagicTests";
				PRODUCT_NAME = "$(TARGET_NAME)";
				SWIFT_VERSION = 5.0;
				TARGETED_DEVICE_FAMILY = "1,2";
				TEST_HOST = "$(BUILT_PRODUCTS_DIR)/Bootcamp Magic.app/Bootcamp Magic";
			};
			name = Debug;
		};
		07E9EB5B2475581600F9500D /* Release */ = {
			isa = XCBuildConfiguration;
			buildSettings = {
				ALWAYS_EMBED_SWIFT_STANDARD_LIBRARIES = YES;
				BUNDLE_LOADER = "$(TEST_HOST)";
				CODE_SIGN_STYLE = Automatic;
				INFOPLIST_FILE = "Bootcamp MagicTests/Info.plist";
				IPHONEOS_DEPLOYMENT_TARGET = 13.2;
				LD_RUNPATH_SEARCH_PATHS = (
					"$(inherited)",
					"@executable_path/Frameworks",
					"@loader_path/Frameworks",
				);
				PRODUCT_BUNDLE_IDENTIFIER = "com.concrete.Bootcamp-MagicTests";
				PRODUCT_NAME = "$(TARGET_NAME)";
				SWIFT_VERSION = 5.0;
				TARGETED_DEVICE_FAMILY = "1,2";
				TEST_HOST = "$(BUILT_PRODUCTS_DIR)/Bootcamp Magic.app/Bootcamp Magic";
			};
			name = Release;
		};
		07E9EB5D2475581600F9500D /* Debug */ = {
			isa = XCBuildConfiguration;
			buildSettings = {
				ALWAYS_EMBED_SWIFT_STANDARD_LIBRARIES = YES;
				CODE_SIGN_STYLE = Automatic;
				INFOPLIST_FILE = "Bootcamp MagicUITests/Info.plist";
				LD_RUNPATH_SEARCH_PATHS = (
					"$(inherited)",
					"@executable_path/Frameworks",
					"@loader_path/Frameworks",
				);
				PRODUCT_BUNDLE_IDENTIFIER = "com.concrete.Bootcamp-MagicUITests";
				PRODUCT_NAME = "$(TARGET_NAME)";
				SWIFT_VERSION = 5.0;
				TARGETED_DEVICE_FAMILY = "1,2";
				TEST_TARGET_NAME = "Bootcamp Magic";
			};
			name = Debug;
		};
		07E9EB5E2475581600F9500D /* Release */ = {
			isa = XCBuildConfiguration;
			buildSettings = {
				ALWAYS_EMBED_SWIFT_STANDARD_LIBRARIES = YES;
				CODE_SIGN_STYLE = Automatic;
				INFOPLIST_FILE = "Bootcamp MagicUITests/Info.plist";
				LD_RUNPATH_SEARCH_PATHS = (
					"$(inherited)",
					"@executable_path/Frameworks",
					"@loader_path/Frameworks",
				);
				PRODUCT_BUNDLE_IDENTIFIER = "com.concrete.Bootcamp-MagicUITests";
				PRODUCT_NAME = "$(TARGET_NAME)";
				SWIFT_VERSION = 5.0;
				TARGETED_DEVICE_FAMILY = "1,2";
				TEST_TARGET_NAME = "Bootcamp Magic";
			};
			name = Release;
		};
/* End XCBuildConfiguration section */

/* Begin XCConfigurationList section */
		07E9EB242475581400F9500D /* Build configuration list for PBXProject "Bootcamp Magic" */ = {
			isa = XCConfigurationList;
			buildConfigurations = (
				07E9EB542475581600F9500D /* Debug */,
				07E9EB552475581600F9500D /* Release */,
			);
			defaultConfigurationIsVisible = 0;
			defaultConfigurationName = Release;
		};
		07E9EB562475581600F9500D /* Build configuration list for PBXNativeTarget "Bootcamp Magic" */ = {
			isa = XCConfigurationList;
			buildConfigurations = (
				07E9EB572475581600F9500D /* Debug */,
				07E9EB582475581600F9500D /* Release */,
			);
			defaultConfigurationIsVisible = 0;
			defaultConfigurationName = Release;
		};
		07E9EB592475581600F9500D /* Build configuration list for PBXNativeTarget "Bootcamp MagicTests" */ = {
			isa = XCConfigurationList;
			buildConfigurations = (
				07E9EB5A2475581600F9500D /* Debug */,
				07E9EB5B2475581600F9500D /* Release */,
			);
			defaultConfigurationIsVisible = 0;
			defaultConfigurationName = Release;
		};
		07E9EB5C2475581600F9500D /* Build configuration list for PBXNativeTarget "Bootcamp MagicUITests" */ = {
			isa = XCConfigurationList;
			buildConfigurations = (
				07E9EB5D2475581600F9500D /* Debug */,
				07E9EB5E2475581600F9500D /* Release */,
			);
			defaultConfigurationIsVisible = 0;
			defaultConfigurationName = Release;
		};
/* End XCConfigurationList section */

/* Begin XCVersionGroup section */
		07E9EB352475581400F9500D /* Bootcamp_Magic.xcdatamodeld */ = {
			isa = XCVersionGroup;
			children = (
				07E9EB362475581400F9500D /* Bootcamp_Magic.xcdatamodel */,
			);
			currentVersion = 07E9EB362475581400F9500D /* Bootcamp_Magic.xcdatamodel */;
			path = Bootcamp_Magic.xcdatamodeld;
			sourceTree = "<group>";
			versionGroupType = wrapper.xcdatamodel;
		};
/* End XCVersionGroup section */
	};
	rootObject = 07E9EB212475581400F9500D /* Project object */;
}
